hash: e614d48f3b66011155d803c3bfcf7b7ef439f11faf1843022eb857d5108ae9f6
updated: 2016-11-18T15:47:05.610819441-08:00
imports:
- name: cloud.google.com/go
  version: 5aca3b7200b228d4b47e9e511f1d77ac270855ff
  subpackages:
  - compute/metadata
  - internal
- name: github.com/blang/semver
  version: 60ec3488bfea7cca02b021d106d9911120d25fe9
- name: github.com/cloudfoundry-incubator/candiedyaml
  version: 4e924c79e32959414e8c7aaed6607176d8ee79c3
- name: github.com/coreos/go-oidc
  version: 5a7f09ab5787e846efa7f56f4a08b6d6926d08c4
  subpackages:
  - http
  - jose
  - key
  - oauth2
  - oidc
- name: github.com/coreos/pkg
  version: 1914e367e85eaf0c25d495b48e060dfe6190f8d0
  subpackages:
  - health
  - httputil
  - timeutil
- name: github.com/davecgh/go-spew
  version: 5215b55f46b2b919f50a1df0eaa5886afe4e3b3d
  subpackages:
  - spew
- name: github.com/docker/distribution
  version: 7694c31658cfc0f9db97cd7ffaef9008b620a4d2
  subpackages:
  - digest
  - reference
- name: github.com/emicklei/go-restful
  version: 402f11d42bfe18198ffd5c68258c631c8fbf2c3c
  subpackages:
  - log
  - swagger
- name: github.com/ghodss/yaml
  version: 1a6f069841556a7bcaff4a397ca6e8328d266c2f
- name: github.com/go-openapi/jsonpointer
  version: 8d96a2dc61536b690bd36b2e9df0b3c0b62825b2
- name: github.com/go-openapi/jsonreference
  version: 36d33bfe519efae5632669801b180bf1a245da3b
- name: github.com/go-openapi/spec
  version: d1c18b339aece4b16ead6d253b85b6ad7180ea54
- name: github.com/go-openapi/swag
  version: 3b6d86cd965820f968760d5d419cb4add096bdd7
- name: github.com/gogo/protobuf
  version: 909568be09de550ed094403c2bf8a261b5bb730a
  subpackages:
  - proto
  - sortkeys
- name: github.com/golang/glog
  version: 23def4e6c14b4da8ac2ed8007337bc5eb5007998
- name: github.com/golang/protobuf
  version: 8d92cf5fc15a4382f8964b08e1f42a75c0591aa3
  subpackages:
  - proto
- name: github.com/google/gofuzz
  version: fd52762d25a41827db7ef64c43756fd4b9f7e382
- name: github.com/googleapis/gax-go
  version: da06d194a00e19ce00d9011a13931c3f6f6887c7
- name: github.com/howeyc/gopass
  version: f5387c492211eb133053880d23dfae62aa14123d
- name: github.com/imdario/mergo
  version: 61a52852277811e93e06d28e0d0c396284a7730b
- name: github.com/jonboulle/clockwork
  version: ed104f61ea4877bea08af6f759805674861e968d
- name: github.com/mailru/easyjson
  version: 159cdb893c982e3d1bc6450322fedd514f9c9de3
  subpackages:
  - buffer
  - jlexer
  - jwriter
- name: github.com/pborman/uuid
  version: cccd189d45f7ac3368a0d127efb7f4d08ae0b655
- name: github.com/PuerkitoBio/purell
  version: 0bcb03f4b4d0a9428594752bd2a3b9aa0a9d4bd4
- name: github.com/PuerkitoBio/urlesc
  version: 5bd2802263f21d8788851d5305584c82a5c75d7e
- name: github.com/spf13/pflag
  version: 7f60f83a2c81bc3c3c0d5297f61ddfa68da9d3b7
- name: github.com/ugorji/go
  version: c062049c1793b01a3cc3fe786108edabbaf7756b
  subpackages:
  - codec
- name: golang.org/x/crypto
  version: c8b9e6388ef638d5a8a9d865c634befdc46a6784
  subpackages:
  - ssh/terminal
- name: golang.org/x/net
  version: d4c55e66d8c3a2f3382d264b08e3e3454a66355a
  subpackages:
  - context
  - context/ctxhttp
  - http2
  - http2/hpack
  - idna
  - internal/timeseries
  - lex/httplex
  - trace
- name: golang.org/x/oauth2
  version: ef4eca6b097fad7cec79afcc278d213a6de1c960
  subpackages:
  - google
  - internal
  - jws
  - jwt
- name: golang.org/x/sys
  version: afce3de5756ca82699128ebae46ac95ad59d6297
  subpackages:
  - unix
- name: golang.org/x/text
  version: a263ba8db058568bb9beba166777d9c9dbe75d68
  subpackages:
  - cases
  - internal
  - internal/tag
  - language
  - runes
  - secure/bidirule
  - secure/precis
  - transform
  - unicode/bidi
  - unicode/norm
  - width
- name: google.golang.org/appengine
  version: ca59ef35f409df61fa4a5f8290ff289b37eccfb8
  subpackages:
  - internal
  - internal/app_identity
  - internal/base
  - internal/datastore
  - internal/log
  - internal/modules
  - internal/remote_api
  - internal/urlfetch
  - urlfetch
- name: google.golang.org/cloud
  version: 00b4e85984cca3e33a131fcef593a54d2f86a2b3
  subpackages:
  - compute/metadata
  - internal
- name: google.golang.org/grpc
  version: 9e3a674ceba65708273cf1cd8e71a1bdce68107b
  subpackages:
  - codes
  - credentials
  - grpclog
  - internal
  - metadata
  - naming
  - peer
  - transport
- name: gopkg.in/inf.v0
  version: 3887ee99ecf07df5b447e9b00d9c0b2adaa9f3e4
- name: gopkg.in/yaml.v2
  version: a5b47d31c556af34a302ce5d659e6fea44d90de0
- name: k8s.io/kubernetes
  version: 06644059545303fc171d53853469d479da2e1ed6
  subpackages:
  - pkg/api
  - pkg/api/errors
  - pkg/api/install
  - pkg/api/meta
  - pkg/api/meta/metatypes
  - pkg/api/resource
  - pkg/api/unversioned
  - pkg/api/v1
  - pkg/api/validation/path
  - pkg/apimachinery
  - pkg/apimachinery/announced
  - pkg/apimachinery/registered
  - pkg/apis/apps
  - pkg/apis/apps/install
  - pkg/apis/apps/v1beta1
  - pkg/apis/authentication
  - pkg/apis/authentication/install
  - pkg/apis/authentication/v1beta1
  - pkg/apis/authorization
  - pkg/apis/authorization/install
  - pkg/apis/authorization/v1beta1
  - pkg/apis/autoscaling
  - pkg/apis/autoscaling/install
  - pkg/apis/autoscaling/v1
  - pkg/apis/batch
  - pkg/apis/batch/install
  - pkg/apis/batch/v1
  - pkg/apis/batch/v2alpha1
  - pkg/apis/certificates
  - pkg/apis/certificates/install
  - pkg/apis/certificates/v1alpha1
  - pkg/apis/componentconfig
  - pkg/apis/componentconfig/install
  - pkg/apis/componentconfig/v1alpha1
  - pkg/apis/extensions
  - pkg/apis/extensions/install
  - pkg/apis/extensions/v1beta1
  - pkg/apis/policy
  - pkg/apis/policy/install
  - pkg/apis/policy/v1beta1
  - pkg/apis/rbac
  - pkg/apis/rbac/install
  - pkg/apis/rbac/v1alpha1
  - pkg/apis/storage
  - pkg/apis/storage/install
  - pkg/apis/storage/v1beta1
  - pkg/auth/user
  - pkg/client/cache
  - pkg/client/clientset_generated/internalclientset
  - pkg/client/clientset_generated/internalclientset/typed/apps/internalversion
  - pkg/client/clientset_generated/internalclientset/typed/authentication/internalversion
  - pkg/client/clientset_generated/internalclientset/typed/authorization/internalversion
  - pkg/client/clientset_generated/internalclientset/typed/autoscaling/internalversion
  - pkg/client/clientset_generated/internalclientset/typed/batch/internalversion
  - pkg/client/clientset_generated/internalclientset/typed/certificates/internalversion
  - pkg/client/clientset_generated/internalclientset/typed/core/internalversion
  - pkg/client/clientset_generated/internalclientset/typed/extensions/internalversion
  - pkg/client/clientset_generated/internalclientset/typed/policy/internalversion
  - pkg/client/clientset_generated/internalclientset/typed/rbac/internalversion
  - pkg/client/clientset_generated/internalclientset/typed/storage/internalversion
  - pkg/client/metrics
  - pkg/client/restclient
  - pkg/client/transport
  - pkg/client/typed/discovery
  - pkg/client/unversioned/auth
  - pkg/client/unversioned/clientcmd
  - pkg/client/unversioned/clientcmd/api
  - pkg/client/unversioned/clientcmd/api/latest
  - pkg/client/unversioned/clientcmd/api/v1
  - pkg/conversion
  - pkg/conversion/queryparams
  - pkg/fields
  - pkg/genericapiserver/openapi/common
  - pkg/kubelet/qos
  - pkg/kubelet/types
  - pkg/labels
  - pkg/master/ports
  - pkg/runtime
  - pkg/runtime/serializer
  - pkg/runtime/serializer/json
  - pkg/runtime/serializer/protobuf
  - pkg/runtime/serializer/recognizer
  - pkg/runtime/serializer/streaming
  - pkg/runtime/serializer/versioning
  - pkg/selection
  - pkg/types
  - pkg/util
  - pkg/util/cert
  - pkg/util/clock
  - pkg/util/config
  - pkg/util/diff
  - pkg/util/errors
  - pkg/util/flowcontrol
  - pkg/util/framer
  - pkg/util/homedir
  - pkg/util/integer
  - pkg/util/intstr
  - pkg/util/json
  - pkg/util/jsonpath
  - pkg/util/labels
  - pkg/util/net
  - pkg/util/parsers
  - pkg/util/rand
  - pkg/util/ratelimit
  - pkg/util/runtime
  - pkg/util/sets
  - pkg/util/uuid
  - pkg/util/validation
  - pkg/util/validation/field
  - pkg/util/wait
  - pkg/util/workqueue
  - pkg/util/yaml
  - pkg/version
  - pkg/watch
  - pkg/watch/versioned
  - plugin/pkg/client/auth
  - plugin/pkg/client/auth/gcp
  - plugin/pkg/client/auth/oidc
  - third_party/forked/golang/reflect
  - third_party/forked/golang/template
  - vendor/cloud.google.com/go/compute/metadata
  - vendor/cloud.google.com/go/internal
  - vendor/github.com/PuerkitoBio/purell
  - vendor/github.com/PuerkitoBio/urlesc
  - vendor/github.com/blang/semver
  - vendor/github.com/coreos/go-oidc/http
  - vendor/github.com/coreos/go-oidc/jose
  - vendor/github.com/coreos/go-oidc/key
  - vendor/github.com/coreos/go-oidc/oauth2
  - vendor/github.com/coreos/go-oidc/oidc
  - vendor/github.com/coreos/pkg/health
  - vendor/github.com/coreos/pkg/httputil
  - vendor/github.com/coreos/pkg/timeutil
  - vendor/github.com/davecgh/go-spew/spew
  - vendor/github.com/docker/distribution/digest
  - vendor/github.com/docker/distribution/reference
  - vendor/github.com/emicklei/go-restful
  - vendor/github.com/emicklei/go-restful/log
  - vendor/github.com/emicklei/go-restful/swagger
  - vendor/github.com/ghodss/yaml
  - vendor/github.com/go-openapi/jsonpointer
  - vendor/github.com/go-openapi/jsonreference
  - vendor/github.com/go-openapi/spec
  - vendor/github.com/go-openapi/swag
  - vendor/github.com/gogo/protobuf/proto
  - vendor/github.com/gogo/protobuf/sortkeys
  - vendor/github.com/golang/glog
  - vendor/github.com/golang/protobuf/proto
  - vendor/github.com/google/gofuzz
  - vendor/github.com/howeyc/gopass
  - vendor/github.com/imdario/mergo
  - vendor/github.com/jonboulle/clockwork
  - vendor/github.com/mailru/easyjson/buffer
  - vendor/github.com/mailru/easyjson/jlexer
  - vendor/github.com/mailru/easyjson/jwriter
  - vendor/github.com/pborman/uuid
  - vendor/github.com/spf13/pflag
  - vendor/github.com/ugorji/go/codec
  - vendor/golang.org/x/crypto/ssh/terminal
  - vendor/golang.org/x/net/context
  - vendor/golang.org/x/net/context/ctxhttp
  - vendor/golang.org/x/net/http2
  - vendor/golang.org/x/net/http2/hpack
  - vendor/golang.org/x/net/idna
  - vendor/golang.org/x/net/lex/httplex
  - vendor/golang.org/x/oauth2
  - vendor/golang.org/x/oauth2/google
  - vendor/golang.org/x/oauth2/internal
  - vendor/golang.org/x/oauth2/jws
  - vendor/golang.org/x/oauth2/jwt
  - vendor/golang.org/x/sys/unix
  - vendor/golang.org/x/text/cases
  - vendor/golang.org/x/text/internal/tag
  - vendor/golang.org/x/text/language
  - vendor/golang.org/x/text/runes
  - vendor/golang.org/x/text/secure/bidirule
  - vendor/golang.org/x/text/secure/precis
  - vendor/golang.org/x/text/transform
  - vendor/golang.org/x/text/unicode/bidi
  - vendor/golang.org/x/text/unicode/norm
  - vendor/golang.org/x/text/width
  - vendor/google.golang.org/appengine
  - vendor/google.golang.org/appengine/internal
  - vendor/google.golang.org/appengine/internal/app_identity
  - vendor/google.golang.org/appengine/internal/base
  - vendor/google.golang.org/appengine/internal/datastore
  - vendor/google.golang.org/appengine/internal/log
  - vendor/google.golang.org/appengine/internal/modules
  - vendor/google.golang.org/appengine/internal/remote_api
  - vendor/gopkg.in/inf.v0
  - vendor/gopkg.in/yaml.v2
testImports: []
